[root]
name = "lbrfcgi"
version = "0.1.0"
dependencies = [
 "fcgi 0.0.2 (git+https://github.com/computermouth/rust-fcgi.git)",
 "libc 0.2.15 (registry+https://github.com/rust-lang/crates.io-index)",
]

[[package]]
name = "fcgi"
version = "0.0.2"
source = "git+https://github.com/computermouth/rust-fcgi.git#2efa9876ac9e08d68d7ce92e182b07773706a089"
dependencies = [
 "libc 0.2.15 (registry+https://github.com/rust-lang/crates.io-index)",
]

[[package]]
name = "libc"
version = "0.2.15"
source = "registry+https://github.com/rust-lang/crates.io-index"

